
Microsoft Visual Studio Solution File, Format Version 12.00
# Visual Studio 15
VisualStudioVersion = 15.0.27703.2047
MinimumVisualStudioVersion = 10.0.40219.1
Project("{FAE04EC0-301F-11D3-BF4B-00C04F79EFBC}") = "Lab3", "Lab3\Lab3.csproj", "{0A40C8B4-5324-41AF-8612-6DE68469765D}"
EndProject
Global
	GlobalSection(SolutionConfigurationPlatforms) = preSolution
		Debug|Any CPU = Debug|Any CPU
		Release|Any CPU = Release|Any CPU
	EndGlobalSection
	GlobalSection(ProjectConfigurationPlatforms) = postSolution
		{0A40C8B4-5324-41AF-8612-6DE68469765D}.Debug|Any CPU.ActiveCfg = Debug|Any CPU
		{0A40C8B4-5324-41AF-8612-6DE68469765D}.Debug|Any CPU.Build.0 = Debug|Any CPU
		{0A40C8B4-5324-41AF-8612-6DE68469765D}.Release|Any CPU.ActiveCfg = Release|Any CPU
		{0A40C8B4-5324-41AF-8612-6DE68469765D}.Release|Any CPU.Build.0 = Release|Any CPU
	EndGlobalSection
	GlobalSection(SolutionProperties) = preSolution
		HideSolutionNode = FALSE
	EndGlobalSection
	GlobalSection(ExtensibilityGlobals) = postSolution
		SolutionGuid = {8DCCBEFD-D5F5-4AE4-87D5-3E4BAFCD956A}
	EndGlobalSection
EndGlobal
