
Microsoft Visual Studio Solution File, Format Version 12.00
# Visual Studio 15
VisualStudioVersion = 15.0.27703.2047
MinimumVisualStudioVersion = 10.0.40219.1
Project("{FAE04EC0-301F-11D3-BF4B-00C04F79EFBC}") = "Lab01", "Lab01\Lab01.csproj", "{27C69148-31A4-4300-9B31-F6FCA4F0F09A}"
EndProject
Project("{FAE04EC0-301F-11D3-BF4B-00C04F79EFBC}") = "Lab02", "Lab02\Lab02.csproj", "{37F5EF90-0480-45E3-AEDE-31EB49BA4BA2}"
EndProject
Global
	GlobalSection(SolutionConfigurationPlatforms) = preSolution
		Debug|Any CPU = Debug|Any CPU
		Release|Any CPU = Release|Any CPU
	EndGlobalSection
	GlobalSection(ProjectConfigurationPlatforms) = postSolution
		{27C69148-31A4-4300-9B31-F6FCA4F0F09A}.Debug|Any CPU.ActiveCfg = Debug|Any CPU
		{27C69148-31A4-4300-9B31-F6FCA4F0F09A}.Debug|Any CPU.Build.0 = Debug|Any CPU
		{27C69148-31A4-4300-9B31-F6FCA4F0F09A}.Release|Any CPU.ActiveCfg = Release|Any CPU
		{27C69148-31A4-4300-9B31-F6FCA4F0F09A}.Release|Any CPU.Build.0 = Release|Any CPU
		{37F5EF90-0480-45E3-AEDE-31EB49BA4BA2}.Debug|Any CPU.ActiveCfg = Debug|Any CPU
		{37F5EF90-0480-45E3-AEDE-31EB49BA4BA2}.Debug|Any CPU.Build.0 = Debug|Any CPU
		{37F5EF90-0480-45E3-AEDE-31EB49BA4BA2}.Release|Any CPU.ActiveCfg = Release|Any CPU
		{37F5EF90-0480-45E3-AEDE-31EB49BA4BA2}.Release|Any CPU.Build.0 = Release|Any CPU
	EndGlobalSection
	GlobalSection(SolutionProperties) = preSolution
		HideSolutionNode = FALSE
	EndGlobalSection
	GlobalSection(ExtensibilityGlobals) = postSolution
		SolutionGuid = {AA49F18B-0439-4C3D-9EA5-E5DA106A712A}
	EndGlobalSection
EndGlobal
